
Microsoft Visual Studio Solution File, Format Version 12.00
# Visual Studio Version 17
VisualStudioVersion = 17.9.34723.18
MinimumVisualStudioVersion = 10.0.40219.1
Project("{9A19103F-16F7-4668-BE54-9A1E7A4F7556}") = "EventPlannerApi", "EventPlannerApi\EventPlannerApi.csproj", "{602734D5-5E2D-4100-B4CC-2245FE3D2FC5}"
EndProject
Project("{9A19103F-16F7-4668-BE54-9A1E7A4F7556}") = "Repositorys", "Repositorys\Repositorys.csproj", "{77645180-65D9-4885-A8CD-9CBF57439F9E}"
EndProject
Project("{9A19103F-16F7-4668-BE54-9A1E7A4F7556}") = "ApplicationCore", "ApplicationCore\ApplicationCore.csproj", "{0339BC5F-380B-4972-B9CA-80C6698083DA}"
EndProject
Project("{FAE04EC0-301F-11D3-BF4B-00C04F79EFBC}") = "EventPlannerApiTesting", "RepositorysTest\EventPlannerApiTesting.csproj", "{05CFEC54-5373-444D-AD43-A45C72E3FCBD}"
EndProject
Global
	GlobalSection(SolutionConfigurationPlatforms) = preSolution
		Debug|Any CPU = Debug|Any CPU
		Release|Any CPU = Release|Any CPU
	EndGlobalSection
	GlobalSection(ProjectConfigurationPlatforms) = postSolution
		{602734D5-5E2D-4100-B4CC-2245FE3D2FC5}.Debug|Any CPU.ActiveCfg = Debug|Any CPU
		{602734D5-5E2D-4100-B4CC-2245FE3D2FC5}.Debug|Any CPU.Build.0 = Debug|Any CPU
		{602734D5-5E2D-4100-B4CC-2245FE3D2FC5}.Release|Any CPU.ActiveCfg = Release|Any CPU
		{602734D5-5E2D-4100-B4CC-2245FE3D2FC5}.Release|Any CPU.Build.0 = Release|Any CPU
		{77645180-65D9-4885-A8CD-9CBF57439F9E}.Debug|Any CPU.ActiveCfg = Debug|Any CPU
		{77645180-65D9-4885-A8CD-9CBF57439F9E}.Debug|Any CPU.Build.0 = Debug|Any CPU
		{77645180-65D9-4885-A8CD-9CBF57439F9E}.Release|Any CPU.ActiveCfg = Release|Any CPU
		{77645180-65D9-4885-A8CD-9CBF57439F9E}.Release|Any CPU.Build.0 = Release|Any CPU
		{0339BC5F-380B-4972-B9CA-80C6698083DA}.Debug|Any CPU.ActiveCfg = Debug|Any CPU
		{0339BC5F-380B-4972-B9CA-80C6698083DA}.Debug|Any CPU.Build.0 = Debug|Any CPU
		{0339BC5F-380B-4972-B9CA-80C6698083DA}.Release|Any CPU.ActiveCfg = Release|Any CPU
		{0339BC5F-380B-4972-B9CA-80C6698083DA}.Release|Any CPU.Build.0 = Release|Any CPU
		{05CFEC54-5373-444D-AD43-A45C72E3FCBD}.Debug|Any CPU.ActiveCfg = Debug|Any CPU
		{05CFEC54-5373-444D-AD43-A45C72E3FCBD}.Debug|Any CPU.Build.0 = Debug|Any CPU
		{05CFEC54-5373-444D-AD43-A45C72E3FCBD}.Release|Any CPU.ActiveCfg = Release|Any CPU
		{05CFEC54-5373-444D-AD43-A45C72E3FCBD}.Release|Any CPU.Build.0 = Release|Any CPU
	EndGlobalSection
	GlobalSection(SolutionProperties) = preSolution
		HideSolutionNode = FALSE
	EndGlobalSection
	GlobalSection(ExtensibilityGlobals) = postSolution
		SolutionGuid = {21A588A8-46C0-4E4A-804E-4379288C5AC4}
	EndGlobalSection
EndGlobal
